# This file is generated by running "yarn install" inside your project.
# Manual changes might be lost - proceed with caution!

__metadata:
  version: 8
  cacheKey: 10c0

"@actions/core@npm:1.10.1, @actions/core@npm:^1.2.6":
  version: 1.10.1
  resolution: "@actions/core@npm:1.10.1"
  dependencies:
    "@actions/http-client": "npm:^2.0.1"
    uuid: "npm:^8.3.2"
  checksum: 7a61446697a23dcad3545cf0634dedbdedf20ae9a0ee6ee977554589a15deb4a93593ee48a41258933d58ce0778f446b0d2c162b60750956fb75e0b9560fb832
  languageName: node
  linkType: hard

"@actions/exec@npm:1.1.1, @actions/exec@npm:^1.0.0":
  version: 1.1.1
  resolution: "@actions/exec@npm:1.1.1"
  dependencies:
    "@actions/io": "npm:^1.0.1"
  checksum: 4a09f6bdbe50ce68b5cf8a7254d176230d6a74bccf6ecc3857feee209a8c950ba9adec87cc5ecceb04110182d1c17117234e45557d72fde6229b7fd3a395322a
  languageName: node
  linkType: hard

"@actions/github@npm:6.0.0":
  version: 6.0.0
  resolution: "@actions/github@npm:6.0.0"
  dependencies:
    "@actions/http-client": "npm:^2.2.0"
    "@octokit/core": "npm:^5.0.1"
    "@octokit/plugin-paginate-rest": "npm:^9.0.0"
    "@octokit/plugin-rest-endpoint-methods": "npm:^10.0.0"
  checksum: 6f86f564e6ec5873c69ff23bed308cef5f964dbdb559c5415c1ba479517bf18352713a2a757c27f8f67a3d675fdd78446cf142b27762489f697edf9c58e72378
  languageName: node
  linkType: hard

"@actions/http-client@npm:^2.0.1, @actions/http-client@npm:^2.2.0":
  version: 2.2.0
  resolution: "@actions/http-client@npm:2.2.0"
  dependencies:
    tunnel: "npm:^0.0.6"
    undici: "npm:^5.25.4"
  checksum: 868fe8529d78beb72f84ea2486e232fa6f66abe00d6ec4591b98c37e762c3d812868a3548638d75b49917961fd10ba1556916b47b1e9e4b55c266e2013c3ae8e
  languageName: node
  linkType: hard

"@actions/io@npm:^1.0.1, @actions/io@npm:^1.1.1":
  version: 1.1.3
  resolution: "@actions/io@npm:1.1.3"
  checksum: 5b8751918e5bf0bebd923ba917fb1c0e294401e7ff0037f32c92a4efa4215550df1f6633c63fd4efb2bdaae8711e69b9e36925857db1f38935ff62a5c92ec29e
  languageName: node
  linkType: hard

"@actions/tool-cache@npm:2.0.1":
  version: 2.0.1
  resolution: "@actions/tool-cache@npm:2.0.1"
  dependencies:
    "@actions/core": "npm:^1.2.6"
    "@actions/exec": "npm:^1.0.0"
    "@actions/http-client": "npm:^2.0.1"
    "@actions/io": "npm:^1.1.1"
    semver: "npm:^6.1.0"
    uuid: "npm:^3.3.2"
  checksum: 8b3e438842ea7b26a826efe46a0eb839f4e9d9f12c7be10d75fe56826004bd24cb643955332b7e011de5da223cfca1628672aa4ccde5a0df126ebf8329eda044
  languageName: node
  linkType: hard

"@biomejs/biome@npm:1.4.1":
  version: 1.4.1
  resolution: "@biomejs/biome@npm:1.4.1"
  dependencies:
    "@biomejs/cli-darwin-arm64": "npm:1.4.1"
    "@biomejs/cli-darwin-x64": "npm:1.4.1"
    "@biomejs/cli-linux-arm64": "npm:1.4.1"
    "@biomejs/cli-linux-x64": "npm:1.4.1"
    "@biomejs/cli-win32-arm64": "npm:1.4.1"
    "@biomejs/cli-win32-x64": "npm:1.4.1"
  dependenciesMeta:
    "@biomejs/cli-darwin-arm64":
      optional: true
    "@biomejs/cli-darwin-x64":
      optional: true
    "@biomejs/cli-linux-arm64":
      optional: true
    "@biomejs/cli-linux-x64":
      optional: true
    "@biomejs/cli-win32-arm64":
      optional: true
    "@biomejs/cli-win32-x64":
      optional: true
  bin:
    biome: bin/biome
  checksum: 11d3a6d0ac0e31c6f5e5e33a46a77b4e1f0846a1d6c023b597a472266e911ce5ad0513b1946eedc37d31547785909c87110e803c69f564a36d4ff045d01ed243
  languageName: node
  linkType: hard

"@biomejs/cli-darwin-arm64@npm:1.4.1":
  version: 1.4.1
  resolution: "@biomejs/cli-darwin-arm64@npm:1.4.1"
  conditions: os=darwin & cpu=arm64
  languageName: node
  linkType: hard

"@biomejs/cli-darwin-x64@npm:1.4.1":
  version: 1.4.1
  resolution: "@biomejs/cli-darwin-x64@npm:1.4.1"
  conditions: os=darwin & cpu=x64
  languageName: node
  linkType: hard

"@biomejs/cli-linux-arm64@npm:1.4.1":
  version: 1.4.1
  resolution: "@biomejs/cli-linux-arm64@npm:1.4.1"
  conditions: os=linux & cpu=arm64
  languageName: node
  linkType: hard

"@biomejs/cli-linux-x64@npm:1.4.1":
  version: 1.4.1
  resolution: "@biomejs/cli-linux-x64@npm:1.4.1"
  conditions: os=linux & cpu=x64
  languageName: node
  linkType: hard

"@biomejs/cli-win32-arm64@npm:1.4.1":
  version: 1.4.1
  resolution: "@biomejs/cli-win32-arm64@npm:1.4.1"
  conditions: os=win32 & cpu=arm64
  languageName: node
  linkType: hard

"@biomejs/cli-win32-x64@npm:1.4.1":
  version: 1.4.1
  resolution: "@biomejs/cli-win32-x64@npm:1.4.1"
  conditions: os=win32 & cpu=x64
  languageName: node
  linkType: hard

"@fastify/busboy@npm:^2.0.0":
  version: 2.1.0
  resolution: "@fastify/busboy@npm:2.1.0"
  checksum: 7bb641080aac7cf01d88749ad331af10ba9ec3713ec07cabbe833908c75df21bd56249bb6173bdec07f5a41896b21e3689316f86684c06635da45f91ff4565a2
  languageName: node
  linkType: hard

"@isaacs/cliui@npm:^8.0.2":
  version: 8.0.2
  resolution: "@isaacs/cliui@npm:8.0.2"
  dependencies:
    string-width: "npm:^5.1.2"
    string-width-cjs: "npm:string-width@^4.2.0"
    strip-ansi: "npm:^7.0.1"
    strip-ansi-cjs: "npm:strip-ansi@^6.0.1"
    wrap-ansi: "npm:^8.1.0"
    wrap-ansi-cjs: "npm:wrap-ansi@^7.0.0"
  checksum: b1bf42535d49f11dc137f18d5e4e63a28c5569de438a221c369483731e9dac9fb797af554e8bf02b6192d1e5eba6e6402cf93900c3d0ac86391d00d04876789e
  languageName: node
  linkType: hard

"@npmcli/agent@npm:^2.0.0":
  version: 2.2.0
  resolution: "@npmcli/agent@npm:2.2.0"
  dependencies:
    agent-base: "npm:^7.1.0"
    http-proxy-agent: "npm:^7.0.0"
    https-proxy-agent: "npm:^7.0.1"
    lru-cache: "npm:^10.0.1"
    socks-proxy-agent: "npm:^8.0.1"
  checksum: 7b89590598476dda88e79c473766b67c682aae6e0ab0213491daa6083dcc0c171f86b3868f5506f22c09aa5ea69ad7dfb78f4bf39a8dca375d89a42f408645b3
  languageName: node
  linkType: hard

"@npmcli/fs@npm:^3.1.0":
  version: 3.1.0
  resolution: "@npmcli/fs@npm:3.1.0"
  dependencies:
    semver: "npm:^7.3.5"
  checksum: 162b4a0b8705cd6f5c2470b851d1dc6cd228c86d2170e1769d738c1fbb69a87160901411c3c035331e9e99db72f1f1099a8b734bf1637cc32b9a5be1660e4e1e
  languageName: node
  linkType: hard

"@octokit/auth-token@npm:^4.0.0":
  version: 4.0.0
  resolution: "@octokit/auth-token@npm:4.0.0"
  checksum: 57acaa6c394c5abab2f74e8e1dcf4e7a16b236f713c77a54b8f08e2d14114de94b37946259e33ec2aab0566b26f724c2b71d2602352b59e541a9854897618f3c
  languageName: node
  linkType: hard

"@octokit/core@npm:^5.0.1":
  version: 5.0.2
  resolution: "@octokit/core@npm:5.0.2"
  dependencies:
    "@octokit/auth-token": "npm:^4.0.0"
    "@octokit/graphql": "npm:^7.0.0"
    "@octokit/request": "npm:^8.0.2"
    "@octokit/request-error": "npm:^5.0.0"
    "@octokit/types": "npm:^12.0.0"
    before-after-hook: "npm:^2.2.0"
    universal-user-agent: "npm:^6.0.0"
  checksum: f3b3cb72f8f374e763e60922eacad56cb08fc05ee0be26f2a7b61937f89a377a8fd1b54f3d621a2b9627a9402c595d4b7e24900602e401b8a8edaffd995fa98f
  languageName: node
  linkType: hard

"@octokit/endpoint@npm:^9.0.0":
  version: 9.0.4
  resolution: "@octokit/endpoint@npm:9.0.4"
  dependencies:
    "@octokit/types": "npm:^12.0.0"
    universal-user-agent: "npm:^6.0.0"
  checksum: f1c857c5d85afa9d7e8857f7f97dbec28d3b6ab1dc21fe35172f1bc9e5512c8a3a26edabf6b2d83bb60d700f7ad290c96be960496aa83606095630edfad06db4
  languageName: node
  linkType: hard

"@octokit/graphql@npm:^7.0.0":
  version: 7.0.2
  resolution: "@octokit/graphql@npm:7.0.2"
  dependencies:
    "@octokit/request": "npm:^8.0.1"
    "@octokit/types": "npm:^12.0.0"
    universal-user-agent: "npm:^6.0.0"
  checksum: 96e5d6b970be60877134cc147b9249534f3a79d691b9932d731d453426fa1e1a0a36111a1b0a6ab43d61309c630903a65db5559b5c800300dc26cf588f50fea8
  languageName: node
  linkType: hard

"@octokit/openapi-types@npm:^19.0.2":
  version: 19.1.0
  resolution: "@octokit/openapi-types@npm:19.1.0"
  checksum: ae8081f52b797b91a12d4f6cddc475699c9d34b06645b337adc77d30b583d8fe8506597a45c42f8f1a96bfb2a9d092cee257d8a65d718bfeed23a0d153448eea
  languageName: node
  linkType: hard

"@octokit/plugin-paginate-rest@npm:^9.0.0":
  version: 9.1.4
  resolution: "@octokit/plugin-paginate-rest@npm:9.1.4"
  dependencies:
    "@octokit/types": "npm:^12.3.0"
  peerDependencies:
    "@octokit/core": ">=5"
  checksum: a36c90444921254f8987319e8eb7c23756914acb4511532d250db24810233bb33f11f1eeba1c53ade7b62515f5741872037051f67cf2931d26a20d01ee277caa
  languageName: node
  linkType: hard

"@octokit/plugin-rest-endpoint-methods@npm:^10.0.0":
  version: 10.2.0
  resolution: "@octokit/plugin-rest-endpoint-methods@npm:10.2.0"
  dependencies:
    "@octokit/types": "npm:^12.3.0"
  peerDependencies:
    "@octokit/core": ">=5"
  checksum: 4d00a2334753955f0c3841ba8fc0880c093b94838e011864ee737d958d2d64e3d45d34fa4c8b64bccf9e13c6de81318cbd6e2b24df37992941d12f54def28432
  languageName: node
  linkType: hard

"@octokit/request-error@npm:^5.0.0":
  version: 5.0.1
  resolution: "@octokit/request-error@npm:5.0.1"
  dependencies:
    "@octokit/types": "npm:^12.0.0"
    deprecation: "npm:^2.0.0"
    once: "npm:^1.4.0"
  checksum: e72a4627120de345b54876a1f007664095e5be9d624fce2e14fccf7668cd8f5e4929d444d8fc085d48e1fb5cd548538453974aab129a669101110d6679dce6c6
  languageName: node
  linkType: hard

"@octokit/request@npm:^8.0.1, @octokit/request@npm:^8.0.2":
  version: 8.1.6
  resolution: "@octokit/request@npm:8.1.6"
  dependencies:
    "@octokit/endpoint": "npm:^9.0.0"
    "@octokit/request-error": "npm:^5.0.0"
    "@octokit/types": "npm:^12.0.0"
    universal-user-agent: "npm:^6.0.0"
  checksum: ef84418e0b1f28335c105bca2b1518b04797791761024d26f80f60a528cdcf468baf9897fd34f535c42af0643a598884f882bc832e68edbfe1ea530c2df563a4
  languageName: node
  linkType: hard

"@octokit/types@npm:^12.0.0, @octokit/types@npm:^12.3.0":
  version: 12.3.0
  resolution: "@octokit/types@npm:12.3.0"
  dependencies:
    "@octokit/openapi-types": "npm:^19.0.2"
  checksum: 083f33d8df492ef4029b94b1b5ac5ac422bc5787fe6c086d4738007f207e2b8fa523a1397ecc902d808ba235ec7bf7e38f4659cae177d40002e43eadf3b6f3d8
  languageName: node
  linkType: hard

"@pkgjs/parseargs@npm:^0.11.0":
  version: 0.11.0
  resolution: "@pkgjs/parseargs@npm:0.11.0"
  checksum: 5bd7576bb1b38a47a7fc7b51ac9f38748e772beebc56200450c4a817d712232b8f1d3ef70532c80840243c657d491cf6a6be1e3a214cff907645819fdc34aadd
  languageName: node
  linkType: hard

"@tsconfig/node20@npm:20.1.2":
  version: 20.1.2
  resolution: "@tsconfig/node20@npm:20.1.2"
  checksum: e438fa9b93f0e6ea667affbbd3217692bf3f92db1b3dcbfba1dd141a7dbcd647c19ed87ce76871c723bed398759ec4a5590685f3e669b600c9371f143a19e0c1
  languageName: node
  linkType: hard

"@tsconfig/strictest@npm:2.0.2":
  version: 2.0.2
  resolution: "@tsconfig/strictest@npm:2.0.2"
  checksum: 22275cecc42fb4068405e22abaf42d58352f65f9217f0c8bad0a459f178ea6d2ac4978e0157ff747322e299dfb90852d5a9988460f96b5ba647817f2a015f9ee
  languageName: node
  linkType: hard

"@types/node@npm:20.10.3":
  version: 20.10.3
  resolution: "@types/node@npm:20.10.3"
  dependencies:
    undici-types: "npm:~5.26.4"
  checksum: 7c8a0327a29d68a0bb152ae30e8c4738638515dd599064821c9d0c1884a1efa103021cd8f8c91e690cd56b0602bb6fe0e6651a5df2337bdc85e0c0f66054b2ce
  languageName: node
  linkType: hard

"@types/semver@npm:7.5.6":
  version: 7.5.6
  resolution: "@types/semver@npm:7.5.6"
  checksum: 196dc32db5f68cbcde2e6a42bb4aa5cbb100fa2b7bd9c8c82faaaf3e03fbe063e205dbb4f03c7cdf53da2edb70a0d34c9f2e601b54281b377eb8dc1743226acd
  languageName: node
  linkType: hard

"@vercel/ncc@npm:0.38.1":
  version: 0.38.1
  resolution: "@vercel/ncc@npm:0.38.1"
  dependencies:
    node-gyp: "npm:latest"
  bin:
    ncc: dist/ncc/cli.js
  checksum: 3e6c08251ccc8c6c7ca6523f223e326c70950af787259252c8a19ef04a7f8cc4c42d4c1ddb94f227a9d0d1c5429f71e303daf6a356948b4f81bcd38d075c9b24
  languageName: node
  linkType: hard

"abbrev@npm:^2.0.0":
  version: 2.0.0
  resolution: "abbrev@npm:2.0.0"
  checksum: f742a5a107473946f426c691c08daba61a1d15942616f300b5d32fd735be88fef5cba24201757b6c407fd564555fb48c751cfa33519b2605c8a7aadd22baf372
  languageName: node
  linkType: hard

"agent-base@npm:^7.0.2, agent-base@npm:^7.1.0":
  version: 7.1.0
  resolution: "agent-base@npm:7.1.0"
  dependencies:
    debug: "npm:^4.3.4"
  checksum: fc974ab57ffdd8421a2bc339644d312a9cca320c20c3393c9d8b1fd91731b9bbabdb985df5fc860f5b79d81c3e350daa3fcb31c5c07c0bb385aafc817df004ce
  languageName: node
  linkType: hard

"aggregate-error@npm:^3.0.0":
  version: 3.1.0
  resolution: "aggregate-error@npm:3.1.0"
  dependencies:
    clean-stack: "npm:^2.0.0"
    indent-string: "npm:^4.0.0"
  checksum: a42f67faa79e3e6687a4923050e7c9807db3848a037076f791d10e092677d65c1d2d863b7848560699f40fc0502c19f40963fb1cd1fb3d338a7423df8e45e039
  languageName: node
  linkType: hard

"ansi-regex@npm:^5.0.1":
  version: 5.0.1
  resolution: "ansi-regex@npm:5.0.1"
  checksum: 9a64bb8627b434ba9327b60c027742e5d17ac69277960d041898596271d992d4d52ba7267a63ca10232e29f6107fc8a835f6ce8d719b88c5f8493f8254813737
  languageName: node
  linkType: hard

"ansi-regex@npm:^6.0.1":
  version: 6.0.1
  resolution: "ansi-regex@npm:6.0.1"
  checksum: cbe16dbd2c6b2735d1df7976a7070dd277326434f0212f43abf6d87674095d247968209babdaad31bb00882fa68807256ba9be340eec2f1004de14ca75f52a08
  languageName: node
  linkType: hard

"ansi-styles@npm:^4.0.0":
  version: 4.3.0
  resolution: "ansi-styles@npm:4.3.0"
  dependencies:
    color-convert: "npm:^2.0.1"
  checksum: 895a23929da416f2bd3de7e9cb4eabd340949328ab85ddd6e484a637d8f6820d485f53933446f5291c3b760cbc488beb8e88573dd0f9c7daf83dccc8fe81b041
  languageName: node
  linkType: hard

"ansi-styles@npm:^6.1.0":
  version: 6.2.1
  resolution: "ansi-styles@npm:6.2.1"
  checksum: 5d1ec38c123984bcedd996eac680d548f31828bd679a66db2bdf11844634dde55fec3efa9c6bb1d89056a5e79c1ac540c4c784d592ea1d25028a92227d2f2d5c
  languageName: node
  linkType: hard

"balanced-match@npm:^1.0.0":
  version: 1.0.2
  resolution: "balanced-match@npm:1.0.2"
  checksum: 9308baf0a7e4838a82bbfd11e01b1cb0f0cf2893bc1676c27c2a8c0e70cbae1c59120c3268517a8ae7fb6376b4639ef81ca22582611dbee4ed28df945134aaee
  languageName: node
  linkType: hard

"before-after-hook@npm:^2.2.0":
  version: 2.2.3
  resolution: "before-after-hook@npm:2.2.3"
  checksum: 0488c4ae12df758ca9d49b3bb27b47fd559677965c52cae7b335784724fb8bf96c42b6e5ba7d7afcbc31facb0e294c3ef717cc41c5bc2f7bd9e76f8b90acd31c
  languageName: node
  linkType: hard

"brace-expansion@npm:^2.0.1":
  version: 2.0.1
  resolution: "brace-expansion@npm:2.0.1"
  dependencies:
    balanced-match: "npm:^1.0.0"
  checksum: b358f2fe060e2d7a87aa015979ecea07f3c37d4018f8d6deb5bd4c229ad3a0384fe6029bb76cd8be63c81e516ee52d1a0673edbe2023d53a5191732ae3c3e49f
  languageName: node
  linkType: hard

"cacache@npm:^18.0.0":
  version: 18.0.1
  resolution: "cacache@npm:18.0.1"
  dependencies:
    "@npmcli/fs": "npm:^3.1.0"
    fs-minipass: "npm:^3.0.0"
    glob: "npm:^10.2.2"
    lru-cache: "npm:^10.0.1"
    minipass: "npm:^7.0.3"
    minipass-collect: "npm:^2.0.1"
    minipass-flush: "npm:^1.0.5"
    minipass-pipeline: "npm:^1.2.4"
    p-map: "npm:^4.0.0"
    ssri: "npm:^10.0.0"
    tar: "npm:^6.1.11"
    unique-filename: "npm:^3.0.0"
  checksum: a31666805a80a8b16ad3f85faf66750275a9175a3480896f4f6d31b5d53ef190484fabd71bdb6d2ea5603c717fbef09f4af03d6a65b525c8ef0afaa44c361866
  languageName: node
  linkType: hard

"chownr@npm:^2.0.0":
  version: 2.0.0
  resolution: "chownr@npm:2.0.0"
  checksum: 594754e1303672171cc04e50f6c398ae16128eb134a88f801bf5354fd96f205320f23536a045d9abd8b51024a149696e51231565891d4efdab8846021ecf88e6
  languageName: node
  linkType: hard

"clean-stack@npm:^2.0.0":
  version: 2.2.0
  resolution: "clean-stack@npm:2.2.0"
  checksum: 1f90262d5f6230a17e27d0c190b09d47ebe7efdd76a03b5a1127863f7b3c9aec4c3e6c8bb3a7bbf81d553d56a1fd35728f5a8ef4c63f867ac8d690109742a8c1
  languageName: node
  linkType: hard

"color-convert@npm:^2.0.1":
  version: 2.0.1
  resolution: "color-convert@npm:2.0.1"
  dependencies:
    color-name: "npm:~1.1.4"
  checksum: 37e1150172f2e311fe1b2df62c6293a342ee7380da7b9cfdba67ea539909afbd74da27033208d01d6d5cfc65ee7868a22e18d7e7648e004425441c0f8a15a7d7
  languageName: node
  linkType: hard

"color-name@npm:~1.1.4":
  version: 1.1.4
  resolution: "color-name@npm:1.1.4"
  checksum: a1a3f914156960902f46f7f56bc62effc6c94e84b2cae157a526b1c1f74b677a47ec602bf68a61abfa2b42d15b7c5651c6dbe72a43af720bc588dff885b10f95
  languageName: node
  linkType: hard

"cross-spawn@npm:^7.0.0":
  version: 7.0.3
  resolution: "cross-spawn@npm:7.0.3"
  dependencies:
    path-key: "npm:^3.1.0"
    shebang-command: "npm:^2.0.0"
    which: "npm:^2.0.1"
  checksum: 5738c312387081c98d69c98e105b6327b069197f864a60593245d64c8089c8a0a744e16349281210d56835bb9274130d825a78b2ad6853ca13cfbeffc0c31750
  languageName: node
  linkType: hard

"debug@npm:4, debug@npm:^4.3.4":
  version: 4.3.4
  resolution: "debug@npm:4.3.4"
  dependencies:
    ms: "npm:2.1.2"
  peerDependenciesMeta:
    supports-color:
      optional: true
  checksum: cedbec45298dd5c501d01b92b119cd3faebe5438c3917ff11ae1bff86a6c722930ac9c8659792824013168ba6db7c4668225d845c633fbdafbbf902a6389f736
  languageName: node
  linkType: hard

"deprecation@npm:^2.0.0":
  version: 2.3.1
  resolution: "deprecation@npm:2.3.1"
  checksum: 23d688ba66b74d09b908c40a76179418acbeeb0bfdf218c8075c58ad8d0c315130cb91aa3dffb623aa3a411a3569ce56c6460de6c8d69071c17fe6dd2442f032
  languageName: node
  linkType: hard

"eastasianwidth@npm:^0.2.0":
  version: 0.2.0
  resolution: "eastasianwidth@npm:0.2.0"
  checksum: 26f364ebcdb6395f95124fda411f63137a4bfb5d3a06453f7f23dfe52502905bd84e0488172e0f9ec295fdc45f05c23d5d91baf16bd26f0fe9acd777a188dc39
  languageName: node
  linkType: hard

"emoji-regex@npm:^8.0.0":
  version: 8.0.0
  resolution: "emoji-regex@npm:8.0.0"
  checksum: b6053ad39951c4cf338f9092d7bfba448cdfd46fe6a2a034700b149ac9ffbc137e361cbd3c442297f86bed2e5f7576c1b54cc0a6bf8ef5106cc62f496af35010
  languageName: node
  linkType: hard

"emoji-regex@npm:^9.2.2":
  version: 9.2.2
  resolution: "emoji-regex@npm:9.2.2"
  checksum: af014e759a72064cf66e6e694a7fc6b0ed3d8db680427b021a89727689671cefe9d04151b2cad51dbaf85d5ba790d061cd167f1cf32eb7b281f6368b3c181639
  languageName: node
  linkType: hard

"encoding@npm:^0.1.13":
  version: 0.1.13
  resolution: "encoding@npm:0.1.13"
  dependencies:
    iconv-lite: "npm:^0.6.2"
  checksum: 36d938712ff00fe1f4bac88b43bcffb5930c1efa57bbcdca9d67e1d9d6c57cfb1200fb01efe0f3109b2ce99b231f90779532814a81370a1bd3274a0f58585039
  languageName: node
  linkType: hard

"env-paths@npm:^2.2.0":
  version: 2.2.1
  resolution: "env-paths@npm:2.2.1"
  checksum: 285325677bf00e30845e330eec32894f5105529db97496ee3f598478e50f008c5352a41a30e5e72ec9de8a542b5a570b85699cd63bd2bc646dbcb9f311d83bc4
  languageName: node
  linkType: hard

"err-code@npm:^2.0.2":
  version: 2.0.3
  resolution: "err-code@npm:2.0.3"
  checksum: b642f7b4dd4a376e954947550a3065a9ece6733ab8e51ad80db727aaae0817c2e99b02a97a3d6cecc648a97848305e728289cf312d09af395403a90c9d4d8a66
  languageName: node
  linkType: hard

"exponential-backoff@npm:^3.1.1":
  version: 3.1.1
  resolution: "exponential-backoff@npm:3.1.1"
  checksum: 160456d2d647e6019640bd07111634d8c353038d9fa40176afb7cd49b0548bdae83b56d05e907c2cce2300b81cae35d800ef92fefb9d0208e190fa3b7d6bb579
  languageName: node
  linkType: hard

"foreground-child@npm:^3.1.0":
  version: 3.1.1
  resolution: "foreground-child@npm:3.1.1"
  dependencies:
    cross-spawn: "npm:^7.0.0"
    signal-exit: "npm:^4.0.1"
  checksum: 9700a0285628abaeb37007c9a4d92bd49f67210f09067638774338e146c8e9c825c5c877f072b2f75f41dc6a2d0be8664f79ffc03f6576649f54a84fb9b47de0
  languageName: node
  linkType: hard

"fossa-action@workspace:.":
  version: 0.0.0-use.local
  resolution: "fossa-action@workspace:."
  dependencies:
    "@actions/core": "npm:1.10.1"
    "@actions/exec": "npm:1.1.1"
    "@actions/github": "npm:6.0.0"
    "@actions/tool-cache": "npm:2.0.1"
    "@biomejs/biome": "npm:1.4.1"
    "@tsconfig/node20": "npm:20.1.2"
    "@tsconfig/strictest": "npm:2.0.2"
    "@types/node": "npm:20.10.3"
    "@types/semver": "npm:7.5.6"
    "@vercel/ncc": "npm:0.38.1"
    semver: "npm:7.5.4"
    typescript: "npm:5.3.3"
  languageName: unknown
  linkType: soft

"fs-minipass@npm:^2.0.0":
  version: 2.1.0
  resolution: "fs-minipass@npm:2.1.0"
  dependencies:
    minipass: "npm:^3.0.0"
  checksum: 703d16522b8282d7299337539c3ed6edddd1afe82435e4f5b76e34a79cd74e488a8a0e26a636afc2440e1a23b03878e2122e3a2cfe375a5cf63c37d92b86a004
  languageName: node
  linkType: hard

"fs-minipass@npm:^3.0.0":
  version: 3.0.3
  resolution: "fs-minipass@npm:3.0.3"
  dependencies:
    minipass: "npm:^7.0.3"
  checksum: 63e80da2ff9b621e2cb1596abcb9207f1cf82b968b116ccd7b959e3323144cce7fb141462200971c38bbf2ecca51695069db45265705bed09a7cd93ae5b89f94
  languageName: node
  linkType: hard

"glob@npm:^10.2.2, glob@npm:^10.3.10":
  version: 10.3.10
  resolution: "glob@npm:10.3.10"
  dependencies:
    foreground-child: "npm:^3.1.0"
    jackspeak: "npm:^2.3.5"
    minimatch: "npm:^9.0.1"
    minipass: "npm:^5.0.0 || ^6.0.2 || ^7.0.0"
    path-scurry: "npm:^1.10.1"
  bin:
    glob: dist/esm/bin.mjs
  checksum: 13d8a1feb7eac7945f8c8480e11cd4a44b24d26503d99a8d8ac8d5aefbf3e9802a2b6087318a829fad04cb4e829f25c5f4f1110c68966c498720dd261c7e344d
  languageName: node
  linkType: hard

"graceful-fs@npm:^4.2.6":
  version: 4.2.11
  resolution: "graceful-fs@npm:4.2.11"
  checksum: 386d011a553e02bc594ac2ca0bd6d9e4c22d7fa8cfbfc448a6d148c59ea881b092db9dbe3547ae4b88e55f1b01f7c4a2ecc53b310c042793e63aa44cf6c257f2
  languageName: node
  linkType: hard

"http-cache-semantics@npm:^4.1.1":
  version: 4.1.1
  resolution: "http-cache-semantics@npm:4.1.1"
  checksum: ce1319b8a382eb3cbb4a37c19f6bfe14e5bb5be3d09079e885e8c513ab2d3cd9214902f8a31c9dc4e37022633ceabfc2d697405deeaf1b8f3552bb4ed996fdfc
  languageName: node
  linkType: hard

"http-proxy-agent@npm:^7.0.0":
  version: 7.0.0
  resolution: "http-proxy-agent@npm:7.0.0"
  dependencies:
    agent-base: "npm:^7.1.0"
    debug: "npm:^4.3.4"
  checksum: a11574ff39436cee3c7bc67f259444097b09474605846ddd8edf0bf4ad8644be8533db1aa463426e376865047d05dc22755e638632819317c0c2f1b2196657c8
  languageName: node
  linkType: hard

"https-proxy-agent@npm:^7.0.1":
  version: 7.0.2
  resolution: "https-proxy-agent@npm:7.0.2"
  dependencies:
    agent-base: "npm:^7.0.2"
    debug: "npm:4"
  checksum: 7735eb90073db087e7e79312e3d97c8c04baf7ea7ca7b013382b6a45abbaa61b281041a98f4e13c8c80d88f843785bcc84ba189165b4b4087b1e3496ba656d77
  languageName: node
  linkType: hard

"iconv-lite@npm:^0.6.2":
  version: 0.6.3
  resolution: "iconv-lite@npm:0.6.3"
  dependencies:
    safer-buffer: "npm:>= 2.1.2 < 3.0.0"
  checksum: 98102bc66b33fcf5ac044099d1257ba0b7ad5e3ccd3221f34dd508ab4070edff183276221684e1e0555b145fce0850c9f7d2b60a9fcac50fbb4ea0d6e845a3b1
  languageName: node
  linkType: hard

"imurmurhash@npm:^0.1.4":
  version: 0.1.4
  resolution: "imurmurhash@npm:0.1.4"
  checksum: 8b51313850dd33605c6c9d3fd9638b714f4c4c40250cff658209f30d40da60f78992fb2df5dabee4acf589a6a82bbc79ad5486550754bd9ec4e3fc0d4a57d6a6
  languageName: node
  linkType: hard

"indent-string@npm:^4.0.0":
  version: 4.0.0
  resolution: "indent-string@npm:4.0.0"
  checksum: 1e1904ddb0cb3d6cce7cd09e27a90184908b7a5d5c21b92e232c93579d314f0b83c246ffb035493d0504b1e9147ba2c9b21df0030f48673fba0496ecd698161f
  languageName: node
  linkType: hard

"ip@npm:^2.0.0":
  version: 2.0.0
  resolution: "ip@npm:2.0.0"
  checksum: 8d186cc5585f57372847ae29b6eba258c68862055e18a75cc4933327232cb5c107f89800ce29715d542eef2c254fbb68b382e780a7414f9ee7caf60b7a473958
  languageName: node
  linkType: hard

"is-fullwidth-code-point@npm:^3.0.0":
  version: 3.0.0
  resolution: "is-fullwidth-code-point@npm:3.0.0"
  checksum: bb11d825e049f38e04c06373a8d72782eee0205bda9d908cc550ccb3c59b99d750ff9537982e01733c1c94a58e35400661f57042158ff5e8f3e90cf936daf0fc
  languageName: node
  linkType: hard

"is-lambda@npm:^1.0.1":
  version: 1.0.1
  resolution: "is-lambda@npm:1.0.1"
  checksum: 85fee098ae62ba6f1e24cf22678805473c7afd0fb3978a3aa260e354cb7bcb3a5806cf0a98403188465efedec41ab4348e8e4e79305d409601323855b3839d4d
  languageName: node
  linkType: hard

"isexe@npm:^2.0.0":
  version: 2.0.0
  resolution: "isexe@npm:2.0.0"
  checksum: 228cfa503fadc2c31596ab06ed6aa82c9976eec2bfd83397e7eaf06d0ccf42cd1dfd6743bf9aeb01aebd4156d009994c5f76ea898d2832c1fe342da923ca457d
  languageName: node
  linkType: hard

"isexe@npm:^3.1.1":
  version: 3.1.1
  resolution: "isexe@npm:3.1.1"
  checksum: 9ec257654093443eb0a528a9c8cbba9c0ca7616ccb40abd6dde7202734d96bb86e4ac0d764f0f8cd965856aacbff2f4ce23e730dc19dfb41e3b0d865ca6fdcc7
  languageName: node
  linkType: hard

"jackspeak@npm:^2.3.5":
  version: 2.3.6
  resolution: "jackspeak@npm:2.3.6"
  dependencies:
    "@isaacs/cliui": "npm:^8.0.2"
    "@pkgjs/parseargs": "npm:^0.11.0"
  dependenciesMeta:
    "@pkgjs/parseargs":
      optional: true
  checksum: f01d8f972d894cd7638bc338e9ef5ddb86f7b208ce177a36d718eac96ec86638a6efa17d0221b10073e64b45edc2ce15340db9380b1f5d5c5d000cbc517dc111
  languageName: node
  linkType: hard

"lru-cache@npm:^10.0.1, lru-cache@npm:^9.1.1 || ^10.0.0":
  version: 10.1.0
  resolution: "lru-cache@npm:10.1.0"
  checksum: 778bc8b2626daccd75f24c4b4d10632496e21ba064b126f526c626fbdbc5b28c472013fccd45d7646b9e1ef052444824854aed617b59cd570d01a8b7d651fc1e
  languageName: node
  linkType: hard

"lru-cache@npm:^6.0.0":
  version: 6.0.0
  resolution: "lru-cache@npm:6.0.0"
  dependencies:
    yallist: "npm:^4.0.0"
  checksum: cb53e582785c48187d7a188d3379c181b5ca2a9c78d2bce3e7dee36f32761d1c42983da3fe12b55cb74e1779fa94cdc2e5367c028a9b35317184ede0c07a30a9
  languageName: node
  linkType: hard

"make-fetch-happen@npm:^13.0.0":
  version: 13.0.0
  resolution: "make-fetch-happen@npm:13.0.0"
  dependencies:
    "@npmcli/agent": "npm:^2.0.0"
    cacache: "npm:^18.0.0"
    http-cache-semantics: "npm:^4.1.1"
    is-lambda: "npm:^1.0.1"
    minipass: "npm:^7.0.2"
    minipass-fetch: "npm:^3.0.0"
    minipass-flush: "npm:^1.0.5"
    minipass-pipeline: "npm:^1.2.4"
    negotiator: "npm:^0.6.3"
    promise-retry: "npm:^2.0.1"
    ssri: "npm:^10.0.0"
  checksum: 43b9f6dcbc6fe8b8604cb6396957c3698857a15ba4dbc38284f7f0e61f248300585ef1eb8cc62df54e9c724af977e45b5cdfd88320ef7f53e45070ed3488da55
  languageName: node
  linkType: hard

"minimatch@npm:^9.0.1":
  version: 9.0.3
  resolution: "minimatch@npm:9.0.3"
  dependencies:
    brace-expansion: "npm:^2.0.1"
  checksum: 85f407dcd38ac3e180f425e86553911d101455ca3ad5544d6a7cec16286657e4f8a9aa6695803025c55e31e35a91a2252b5dc8e7d527211278b8b65b4dbd5eac
  languageName: node
  linkType: hard

"minipass-collect@npm:^2.0.1":
  version: 2.0.1
  resolution: "minipass-collect@npm:2.0.1"
  dependencies:
    minipass: "npm:^7.0.3"
  checksum: 5167e73f62bb74cc5019594709c77e6a742051a647fe9499abf03c71dca75515b7959d67a764bdc4f8b361cf897fbf25e2d9869ee039203ed45240f48b9aa06e
  languageName: node
  linkType: hard

"minipass-fetch@npm:^3.0.0":
  version: 3.0.4
  resolution: "minipass-fetch@npm:3.0.4"
  dependencies:
    encoding: "npm:^0.1.13"
    minipass: "npm:^7.0.3"
    minipass-sized: "npm:^1.0.3"
    minizlib: "npm:^2.1.2"
  dependenciesMeta:
    encoding:
      optional: true
  checksum: 1b63c1f3313e88eeac4689f1b71c9f086598db9a189400e3ee960c32ed89e06737fa23976c9305c2d57464fb3fcdc12749d3378805c9d6176f5569b0d0ee8a75
  languageName: node
  linkType: hard

"minipass-flush@npm:^1.0.5":
  version: 1.0.5
  resolution: "minipass-flush@npm:1.0.5"
  dependencies:
    minipass: "npm:^3.0.0"
  checksum: 2a51b63feb799d2bb34669205eee7c0eaf9dce01883261a5b77410c9408aa447e478efd191b4de6fc1101e796ff5892f8443ef20d9544385819093dbb32d36bd
  languageName: node
  linkType: hard

"minipass-pipeline@npm:^1.2.4":
  version: 1.2.4
  resolution: "minipass-pipeline@npm:1.2.4"
  dependencies:
    minipass: "npm:^3.0.0"
  checksum: cbda57cea20b140b797505dc2cac71581a70b3247b84480c1fed5ca5ba46c25ecc25f68bfc9e6dcb1a6e9017dab5c7ada5eab73ad4f0a49d84e35093e0c643f2
  languageName: node
  linkType: hard

"minipass-sized@npm:^1.0.3":
  version: 1.0.3
  resolution: "minipass-sized@npm:1.0.3"
  dependencies:
    minipass: "npm:^3.0.0"
  checksum: 298f124753efdc745cfe0f2bdfdd81ba25b9f4e753ca4a2066eb17c821f25d48acea607dfc997633ee5bf7b6dfffb4eee4f2051eb168663f0b99fad2fa4829cb
  languageName: node
  linkType: hard

"minipass@npm:^3.0.0":
  version: 3.3.6
  resolution: "minipass@npm:3.3.6"
  dependencies:
    yallist: "npm:^4.0.0"
  checksum: a114746943afa1dbbca8249e706d1d38b85ed1298b530f5808ce51f8e9e941962e2a5ad2e00eae7dd21d8a4aae6586a66d4216d1a259385e9d0358f0c1eba16c
  languageName: node
  linkType: hard

"minipass@npm:^5.0.0":
  version: 5.0.0
  resolution: "minipass@npm:5.0.0"
  checksum: a91d8043f691796a8ac88df039da19933ef0f633e3d7f0d35dcd5373af49131cf2399bfc355f41515dc495e3990369c3858cd319e5c2722b4753c90bf3152462
  languageName: node
  linkType: hard

"minipass@npm:^5.0.0 || ^6.0.2 || ^7.0.0, minipass@npm:^7.0.2, minipass@npm:^7.0.3":
  version: 7.0.4
  resolution: "minipass@npm:7.0.4"
  checksum: 6c7370a6dfd257bf18222da581ba89a5eaedca10e158781232a8b5542a90547540b4b9b7e7f490e4cda43acfbd12e086f0453728ecf8c19e0ef6921bc5958ac5
  languageName: node
  linkType: hard

"minizlib@npm:^2.1.1, minizlib@npm:^2.1.2":
  version: 2.1.2
  resolution: "minizlib@npm:2.1.2"
  dependencies:
    minipass: "npm:^3.0.0"
    yallist: "npm:^4.0.0"
  checksum: 64fae024e1a7d0346a1102bb670085b17b7f95bf6cfdf5b128772ec8faf9ea211464ea4add406a3a6384a7d87a0cd1a96263692134323477b4fb43659a6cab78
  languageName: node
  linkType: hard

"mkdirp@npm:^1.0.3":
  version: 1.0.4
  resolution: "mkdirp@npm:1.0.4"
  bin:
    mkdirp: bin/cmd.js
  checksum: 46ea0f3ffa8bc6a5bc0c7081ffc3907777f0ed6516888d40a518c5111f8366d97d2678911ad1a6882bf592fa9de6c784fea32e1687bb94e1f4944170af48a5cf
  languageName: node
  linkType: hard

"ms@npm:2.1.2":
  version: 2.1.2
  resolution: "ms@npm:2.1.2"
  checksum: a437714e2f90dbf881b5191d35a6db792efbca5badf112f87b9e1c712aace4b4b9b742dd6537f3edf90fd6f684de897cec230abde57e87883766712ddda297cc
  languageName: node
  linkType: hard

"negotiator@npm:^0.6.3":
  version: 0.6.3
  resolution: "negotiator@npm:0.6.3"
  checksum: 3ec9fd413e7bf071c937ae60d572bc67155262068ed522cf4b3be5edbe6ddf67d095ec03a3a14ebf8fc8e95f8e1d61be4869db0dbb0de696f6b837358bd43fc2
  languageName: node
  linkType: hard

"node-gyp@npm:latest":
  version: 10.0.1
  resolution: "node-gyp@npm:10.0.1"
  dependencies:
    env-paths: "npm:^2.2.0"
    exponential-backoff: "npm:^3.1.1"
    glob: "npm:^10.3.10"
    graceful-fs: "npm:^4.2.6"
    make-fetch-happen: "npm:^13.0.0"
    nopt: "npm:^7.0.0"
    proc-log: "npm:^3.0.0"
    semver: "npm:^7.3.5"
    tar: "npm:^6.1.2"
    which: "npm:^4.0.0"
  bin:
    node-gyp: bin/node-gyp.js
  checksum: abddfff7d873312e4ed4a5fb75ce893a5c4fb69e7fcb1dfa71c28a6b92a7f1ef6b62790dffb39181b5a82728ba8f2f32d229cf8cbe66769fe02cea7db4a555aa
  languageName: node
  linkType: hard

"nopt@npm:^7.0.0":
  version: 7.2.0
  resolution: "nopt@npm:7.2.0"
  dependencies:
    abbrev: "npm:^2.0.0"
  bin:
    nopt: bin/nopt.js
  checksum: 9bd7198df6f16eb29ff16892c77bcf7f0cc41f9fb5c26280ac0def2cf8cf319f3b821b3af83eba0e74c85807cc430a16efe0db58fe6ae1f41e69519f585b6aff
  languageName: node
  linkType: hard

"once@npm:^1.4.0":
  version: 1.4.0
  resolution: "once@npm:1.4.0"
  dependencies:
    wrappy: "npm:1"
  checksum: 5d48aca287dfefabd756621c5dfce5c91a549a93e9fdb7b8246bc4c4790aa2ec17b34a260530474635147aeb631a2dcc8b32c613df0675f96041cbb8244517d0
  languageName: node
  linkType: hard

"p-map@npm:^4.0.0":
  version: 4.0.0
  resolution: "p-map@npm:4.0.0"
  dependencies:
    aggregate-error: "npm:^3.0.0"
  checksum: 592c05bd6262c466ce269ff172bb8de7c6975afca9b50c975135b974e9bdaafbfe80e61aaaf5be6d1200ba08b30ead04b88cfa7e25ff1e3b93ab28c9f62a2c75
  languageName: node
  linkType: hard

"path-key@npm:^3.1.0":
  version: 3.1.1
  resolution: "path-key@npm:3.1.1"
  checksum: 748c43efd5a569c039d7a00a03b58eecd1d75f3999f5a28303d75f521288df4823bc057d8784eb72358b2895a05f29a070bc9f1f17d28226cc4e62494cc58c4c
  languageName: node
  linkType: hard

"path-scurry@npm:^1.10.1":
  version: 1.10.1
  resolution: "path-scurry@npm:1.10.1"
  dependencies:
    lru-cache: "npm:^9.1.1 || ^10.0.0"
    minipass: "npm:^5.0.0 || ^6.0.2 || ^7.0.0"
  checksum: e5dc78a7348d25eec61ab166317e9e9c7b46818aa2c2b9006c507a6ff48c672d011292d9662527213e558f5652ce0afcc788663a061d8b59ab495681840c0c1e
  languageName: node
  linkType: hard

"proc-log@npm:^3.0.0":
  version: 3.0.0
  resolution: "proc-log@npm:3.0.0"
  checksum: f66430e4ff947dbb996058f6fd22de2c66612ae1a89b097744e17fb18a4e8e7a86db99eda52ccf15e53f00b63f4ec0b0911581ff2aac0355b625c8eac509b0dc
  languageName: node
  linkType: hard

"promise-retry@npm:^2.0.1":
  version: 2.0.1
  resolution: "promise-retry@npm:2.0.1"
  dependencies:
    err-code: "npm:^2.0.2"
    retry: "npm:^0.12.0"
  checksum: 9c7045a1a2928094b5b9b15336dcd2a7b1c052f674550df63cc3f36cd44028e5080448175b6f6ca32b642de81150f5e7b1a98b728f15cb069f2dd60ac2616b96
  languageName: node
  linkType: hard

"retry@npm:^0.12.0":
  version: 0.12.0
  resolution: "retry@npm:0.12.0"
  checksum: 59933e8501727ba13ad73ef4a04d5280b3717fd650408460c987392efe9d7be2040778ed8ebe933c5cbd63da3dcc37919c141ef8af0a54a6e4fca5a2af177bfe
  languageName: node
  linkType: hard

"safer-buffer@npm:>= 2.1.2 < 3.0.0":
  version: 2.1.2
  resolution: "safer-buffer@npm:2.1.2"
  checksum: 7e3c8b2e88a1841c9671094bbaeebd94448111dd90a81a1f606f3f67708a6ec57763b3b47f06da09fc6054193e0e6709e77325415dc8422b04497a8070fa02d4
  languageName: node
  linkType: hard

"semver@npm:7.5.4, semver@npm:^7.3.5":
  version: 7.5.4
  resolution: "semver@npm:7.5.4"
  dependencies:
    lru-cache: "npm:^6.0.0"
  bin:
    semver: bin/semver.js
  checksum: 5160b06975a38b11c1ab55950cb5b8a23db78df88275d3d8a42ccf1f29e55112ac995b3a26a522c36e3b5f76b0445f1eef70d696b8c7862a2b4303d7b0e7609e
  languageName: node
  linkType: hard

"semver@npm:^6.1.0":
  version: 6.3.1
  resolution: "semver@npm:6.3.1"
  bin:
    semver: bin/semver.js
  checksum: e3d79b609071caa78bcb6ce2ad81c7966a46a7431d9d58b8800cfa9cb6a63699b3899a0e4bcce36167a284578212d9ae6942b6929ba4aa5015c079a67751d42d
  languageName: node
  linkType: hard

"shebang-command@npm:^2.0.0":
  version: 2.0.0
  resolution: "shebang-command@npm:2.0.0"
  dependencies:
    shebang-regex: "npm:^3.0.0"
  checksum: a41692e7d89a553ef21d324a5cceb5f686d1f3c040759c50aab69688634688c5c327f26f3ecf7001ebfd78c01f3c7c0a11a7c8bfd0a8bc9f6240d4f40b224e4e
  languageName: node
  linkType: hard

"shebang-regex@npm:^3.0.0":
  version: 3.0.0
  resolution: "shebang-regex@npm:3.0.0"
  checksum: 1dbed0726dd0e1152a92696c76c7f06084eb32a90f0528d11acd764043aacf76994b2fb30aa1291a21bd019d6699164d048286309a278855ee7bec06cf6fb690
  languageName: node
  linkType: hard

"signal-exit@npm:^4.0.1":
  version: 4.1.0
  resolution: "signal-exit@npm:4.1.0"
  checksum: 41602dce540e46d599edba9d9860193398d135f7ff72cab629db5171516cfae628d21e7bfccde1bbfdf11c48726bc2a6d1a8fb8701125852fbfda7cf19c6aa83
  languageName: node
  linkType: hard

"smart-buffer@npm:^4.2.0":
  version: 4.2.0
  resolution: "smart-buffer@npm:4.2.0"
  checksum: a16775323e1404dd43fabafe7460be13a471e021637bc7889468eb45ce6a6b207261f454e4e530a19500cc962c4cc5348583520843b363f4193cee5c00e1e539
  languageName: node
  linkType: hard

"socks-proxy-agent@npm:^8.0.1":
  version: 8.0.2
  resolution: "socks-proxy-agent@npm:8.0.2"
  dependencies:
    agent-base: "npm:^7.0.2"
    debug: "npm:^4.3.4"
    socks: "npm:^2.7.1"
  checksum: a842402fc9b8848a31367f2811ca3cd14c4106588b39a0901cd7a69029998adfc6456b0203617c18ed090542ad0c24ee4e9d4c75a0c4b75071e214227c177eb7
  languageName: node
  linkType: hard

"socks@npm:^2.7.1":
  version: 2.7.1
  resolution: "socks@npm:2.7.1"
  dependencies:
    ip: "npm:^2.0.0"
    smart-buffer: "npm:^4.2.0"
  checksum: 43f69dbc9f34fc8220bc51c6eea1c39715ab3cfdb115d6e3285f6c7d1a603c5c75655668a5bbc11e3c7e2c99d60321fb8d7ab6f38cda6a215fadd0d6d0b52130
  languageName: node
  linkType: hard

"ssri@npm:^10.0.0":
  version: 10.0.5
  resolution: "ssri@npm:10.0.5"
  dependencies:
    minipass: "npm:^7.0.3"
  checksum: b091f2ae92474183c7ac5ed3f9811457e1df23df7a7e70c9476eaa9a0c4a0c8fc190fb45acefbf023ca9ee864dd6754237a697dc52a0fb182afe65d8e77443d8
  languageName: node
  linkType: hard

"string-width-cjs@npm:string-width@^4.2.0, string-width@npm:^4.1.0":
  version: 4.2.3
  resolution: "string-width@npm:4.2.3"
  dependencies:
    emoji-regex: "npm:^8.0.0"
    is-fullwidth-code-point: "npm:^3.0.0"
    strip-ansi: "npm:^6.0.1"
  checksum: 1e525e92e5eae0afd7454086eed9c818ee84374bb80328fc41217ae72ff5f065ef1c9d7f72da41de40c75fa8bb3dee63d92373fd492c84260a552c636392a47b
  languageName: node
  linkType: hard

"string-width@npm:^5.0.1, string-width@npm:^5.1.2":
  version: 5.1.2
  resolution: "string-width@npm:5.1.2"
  dependencies:
    eastasianwidth: "npm:^0.2.0"
    emoji-regex: "npm:^9.2.2"
    strip-ansi: "npm:^7.0.1"
  checksum: ab9c4264443d35b8b923cbdd513a089a60de339216d3b0ed3be3ba57d6880e1a192b70ae17225f764d7adbf5994e9bb8df253a944736c15a0240eff553c678ca
  languageName: node
  linkType: hard

"strip-ansi-cjs@npm:strip-ansi@^6.0.1, strip-ansi@npm:^6.0.0, strip-ansi@npm:^6.0.1":
  version: 6.0.1
  resolution: "strip-ansi@npm:6.0.1"
  dependencies:
    ansi-regex: "npm:^5.0.1"
  checksum: 1ae5f212a126fe5b167707f716942490e3933085a5ff6c008ab97ab2f272c8025d3aa218b7bd6ab25729ca20cc81cddb252102f8751e13482a5199e873680952
  languageName: node
  linkType: hard

"strip-ansi@npm:^7.0.1":
  version: 7.1.0
  resolution: "strip-ansi@npm:7.1.0"
  dependencies:
    ansi-regex: "npm:^6.0.1"
  checksum: a198c3762e8832505328cbf9e8c8381de14a4fa50a4f9b2160138158ea88c0f5549fb50cb13c651c3088f47e63a108b34622ec18c0499b6c8c3a5ddf6b305ac4
  languageName: node
  linkType: hard

"tar@npm:^6.1.11, tar@npm:^6.1.2":
  version: 6.2.0
  resolution: "tar@npm:6.2.0"
  dependencies:
    chownr: "npm:^2.0.0"
    fs-minipass: "npm:^2.0.0"
    minipass: "npm:^5.0.0"
    minizlib: "npm:^2.1.1"
    mkdirp: "npm:^1.0.3"
    yallist: "npm:^4.0.0"
  checksum: 02ca064a1a6b4521fef88c07d389ac0936730091f8c02d30ea60d472e0378768e870769ab9e986d87807bfee5654359cf29ff4372746cc65e30cbddc352660d8
  languageName: node
  linkType: hard

"tunnel@npm:^0.0.6":
  version: 0.0.6
  resolution: "tunnel@npm:0.0.6"
  checksum: e27e7e896f2426c1c747325b5f54efebc1a004647d853fad892b46d64e37591ccd0b97439470795e5262b5c0748d22beb4489a04a0a448029636670bfd801b75
  languageName: node
  linkType: hard

"typescript@npm:5.3.3":
  version: 5.3.3
  resolution: "typescript@npm:5.3.3"
  bin:
    tsc: bin/tsc
    tsserver: bin/tsserver
  checksum: e33cef99d82573624fc0f854a2980322714986bc35b9cb4d1ce736ed182aeab78e2cb32b385efa493b2a976ef52c53e20d6c6918312353a91850e2b76f1ea44f
  languageName: node
  linkType: hard

"typescript@patch:typescript@npm%3A5.3.3#optional!builtin<compat/typescript>":
  version: 5.3.3
  resolution: "typescript@patch:typescript@npm%3A5.3.3#optional!builtin<compat/typescript>::version=5.3.3&hash=e012d7"
  bin:
    tsc: bin/tsc
    tsserver: bin/tsserver
  checksum: 1d0a5f4ce496c42caa9a30e659c467c5686eae15d54b027ee7866744952547f1be1262f2d40de911618c242b510029d51d43ff605dba8fb740ec85ca2d3f9500
  languageName: node
  linkType: hard

"undici-types@npm:~5.26.4":
  version: 5.26.5
  resolution: "undici-types@npm:5.26.5"
  checksum: bb673d7876c2d411b6eb6c560e0c571eef4a01c1c19925175d16e3a30c4c428181fb8d7ae802a261f283e4166a0ac435e2f505743aa9e45d893f9a3df017b501
  languageName: node
  linkType: hard

"undici@npm:^5.25.4":
  version: 5.28.2
  resolution: "undici@npm:5.28.2"
  dependencies:
    "@fastify/busboy": "npm:^2.0.0"
  checksum: 34385ad9b3ba85309972ee3c1b426dcd19b94a5a6aa9c54499b5f48436c0ecc13a9b1e756a7c6a953eaefa9f4263890625ece5f2719fd774b0852204f5e4d5f9
  languageName: node
  linkType: hard

"unique-filename@npm:^3.0.0":
  version: 3.0.0
  resolution: "unique-filename@npm:3.0.0"
  dependencies:
    unique-slug: "npm:^4.0.0"
  checksum: 6363e40b2fa758eb5ec5e21b3c7fb83e5da8dcfbd866cc0c199d5534c42f03b9ea9ab069769cc388e1d7ab93b4eeef28ef506ab5f18d910ef29617715101884f
  languageName: node
  linkType: hard

"unique-slug@npm:^4.0.0":
  version: 4.0.0
  resolution: "unique-slug@npm:4.0.0"
  dependencies:
    imurmurhash: "npm:^0.1.4"
  checksum: cb811d9d54eb5821b81b18205750be84cb015c20a4a44280794e915f5a0a70223ce39066781a354e872df3572e8155c228f43ff0cce94c7cbf4da2cc7cbdd635
  languageName: node
  linkType: hard

"universal-user-agent@npm:^6.0.0":
  version: 6.0.1
  resolution: "universal-user-agent@npm:6.0.1"
  checksum: 5c9c46ffe19a975e11e6443640ed4c9e0ce48fcc7203325757a8414ac49940ebb0f4667f2b1fa561489d1eb22cb2d05a0f7c82ec20c5cba42e58e188fb19b187
  languageName: node
  linkType: hard

"uuid@npm:^3.3.2":
  version: 3.4.0
  resolution: "uuid@npm:3.4.0"
  bin:
    uuid: ./bin/uuid
  checksum: 1c13950df865c4f506ebfe0a24023571fa80edf2e62364297a537c80af09c618299797bbf2dbac6b1f8ae5ad182ba474b89db61e0e85839683991f7e08795347
  languageName: node
  linkType: hard

"uuid@npm:^8.3.2":
  version: 8.3.2
  resolution: "uuid@npm:8.3.2"
  bin:
    uuid: dist/bin/uuid
  checksum: bcbb807a917d374a49f475fae2e87fdca7da5e5530820ef53f65ba1d12131bd81a92ecf259cc7ce317cbe0f289e7d79fdfebcef9bfa3087c8c8a2fa304c9be54
  languageName: node
  linkType: hard

"which@npm:^2.0.1":
  version: 2.0.2
  resolution: "which@npm:2.0.2"
  dependencies:
    isexe: "npm:^2.0.0"
  bin:
    node-which: ./bin/node-which
  checksum: 66522872a768b60c2a65a57e8ad184e5372f5b6a9ca6d5f033d4b0dc98aff63995655a7503b9c0a2598936f532120e81dd8cc155e2e92ed662a2b9377cc4374f
  languageName: node
  linkType: hard

"which@npm:^4.0.0":
  version: 4.0.0
  resolution: "which@npm:4.0.0"
  dependencies:
    isexe: "npm:^3.1.1"
  bin:
    node-which: bin/which.js
  checksum: 449fa5c44ed120ccecfe18c433296a4978a7583bf2391c50abce13f76878d2476defde04d0f79db8165bdf432853c1f8389d0485ca6e8ebce3bbcded513d5e6a
  languageName: node
  linkType: hard

"wrap-ansi-cjs@npm:wrap-ansi@^7.0.0":
  version: 7.0.0
  resolution: "wrap-ansi@npm:7.0.0"
  dependencies:
    ansi-styles: "npm:^4.0.0"
    string-width: "npm:^4.1.0"
    strip-ansi: "npm:^6.0.0"
  checksum: d15fc12c11e4cbc4044a552129ebc75ee3f57aa9c1958373a4db0292d72282f54373b536103987a4a7594db1ef6a4f10acf92978f79b98c49306a4b58c77d4da
  languageName: node
  linkType: hard

"wrap-ansi@npm:^8.1.0":
  version: 8.1.0
  resolution: "wrap-ansi@npm:8.1.0"
  dependencies:
    ansi-styles: "npm:^6.1.0"
    string-width: "npm:^5.0.1"
    strip-ansi: "npm:^7.0.1"
  checksum: 138ff58a41d2f877eae87e3282c0630fc2789012fc1af4d6bd626eeb9a2f9a65ca92005e6e69a75c7b85a68479fe7443c7dbe1eb8fbaa681a4491364b7c55c60
  languageName: node
  linkType: hard

"wrappy@npm:1":
  version: 1.0.2
  resolution: "wrappy@npm:1.0.2"
  checksum: 56fece1a4018c6a6c8e28fbc88c87e0fbf4ea8fd64fc6c63b18f4acc4bd13e0ad2515189786dd2c30d3eec9663d70f4ecf699330002f8ccb547e4a18231fc9f0
  languageName: node
  linkType: hard

"yallist@npm:^4.0.0":
  version: 4.0.0
  resolution: "yallist@npm:4.0.0"
  checksum: 2286b5e8dbfe22204ab66e2ef5cc9bbb1e55dfc873bbe0d568aa943eb255d131890dfd5bf243637273d31119b870f49c18fcde2c6ffbb7a7a092b870dc90625a
  languageName: node
  linkType: hard
